Microsoft Visual Studio Solution File, Format Version 11.00
# Visual Studio 2008

Project("{D82FB1BC-5A56-BA3E-FA45-F64C80C2ECE8}") = "Live2D Wrapper Sample App", "Assembly-CSharp.csproj", "{DB67D49A-1473-4139-8142-483417C83A8A}"
EndProject
Global
	GlobalSection(SolutionConfigurationPlatforms) = preSolution
		Debug|Any CPU = Debug|Any CPU
		Release|Any CPU = Release|Any CPU
	EndGlobalSection
	GlobalSection(ProjectConfigurationPlatforms) = postSolution
		{DB67D49A-1473-4139-8142-483417C83A8A}.Debug|Any CPU.ActiveCfg = Debug|Any CPU
		{DB67D49A-1473-4139-8142-483417C83A8A}.Debug|Any CPU.Build.0 = Debug|Any CPU
		{DB67D49A-1473-4139-8142-483417C83A8A}.Release|Any CPU.ActiveCfg = Release|Any CPU
		{DB67D49A-1473-4139-8142-483417C83A8A}.Release|Any CPU.Build.0 = Release|Any CPU
	EndGlobalSection
	GlobalSection(SolutionProperties) = preSolution
		HideSolutionNode = FALSE
	EndGlobalSection
	GlobalSection(MonoDevelopProperties) = preSolution
		StartupItem = Assembly-CSharp.csproj
	EndGlobalSection
EndGlobal
